
Microsoft Visual Studio Solution File, Format Version 12.00
# Visual Studio 15
VisualStudioVersion = 15.0.28010.2046
MinimumVisualStudioVersion = 10.0.40219.1
Project("{9A19103F-16F7-4668-BE54-9A1E7A4F7556}") = "Ezreal.SDK.ShouQianBa", "Ezreal.SDK.ShouQianBa\Ezreal.SDK.ShouQianBa.csproj", "{54E093E5-311A-4423-8C29-CAE3986AEEA3}"
EndProject
Project("{9A19103F-16F7-4668-BE54-9A1E7A4F7556}") = "Ezreal.SDK.ShouQianBa.Test", "Ezreal.SDK.ShouQianBa.Test\Ezreal.SDK.ShouQianBa.Test.csproj", "{759A7A31-862C-4688-9E8C-97E5FC8B36F7}"
EndProject
Global
	GlobalSection(SolutionConfigurationPlatforms) = preSolution
		Debug|Any CPU = Debug|Any CPU
		Release|Any CPU = Release|Any CPU
	EndGlobalSection
	GlobalSection(ProjectConfigurationPlatforms) = postSolution
		{54E093E5-311A-4423-8C29-CAE3986AEEA3}.Debug|Any CPU.ActiveCfg = Debug|Any CPU
		{54E093E5-311A-4423-8C29-CAE3986AEEA3}.Debug|Any CPU.Build.0 = Debug|Any CPU
		{54E093E5-311A-4423-8C29-CAE3986AEEA3}.Release|Any CPU.ActiveCfg = Release|Any CPU
		{54E093E5-311A-4423-8C29-CAE3986AEEA3}.Release|Any CPU.Build.0 = Release|Any CPU
		{759A7A31-862C-4688-9E8C-97E5FC8B36F7}.Debug|Any CPU.ActiveCfg = Debug|Any CPU
		{759A7A31-862C-4688-9E8C-97E5FC8B36F7}.Debug|Any CPU.Build.0 = Debug|Any CPU
		{759A7A31-862C-4688-9E8C-97E5FC8B36F7}.Release|Any CPU.ActiveCfg = Release|Any CPU
		{759A7A31-862C-4688-9E8C-97E5FC8B36F7}.Release|Any CPU.Build.0 = Release|Any CPU
	EndGlobalSection
	GlobalSection(SolutionProperties) = preSolution
		HideSolutionNode = FALSE
	EndGlobalSection
	GlobalSection(ExtensibilityGlobals) = postSolution
		SolutionGuid = {8693333B-3109-4592-9EF0-0B895307D745}
	EndGlobalSection
EndGlobal
