
Microsoft Visual Studio Solution File, Format Version 12.00
# Visual Studio 15
VisualStudioVersion = 15.0.28010.2046
MinimumVisualStudioVersion = 10.0.40219.1
Project("{9A19103F-16F7-4668-BE54-9A1E7A4F7556}") = "Ezreal.ShouQianBa.ApiClient", "Ezreal.ShouQianBa.ApiClient\Ezreal.ShouQianBa.ApiClient.csproj", "{359496E3-719D-4F95-BECD-4BB51C755609}"
EndProject
Project("{9A19103F-16F7-4668-BE54-9A1E7A4F7556}") = "Ezreal.ShouQianBa.ApiClient.Test", "Ezreal.ShouQianBa.ApiClient.Test\Ezreal.ShouQianBa.ApiClient.Test.csproj", "{1F94871A-34F4-42C6-973C-12EAF11BC211}"
EndProject
Global
	GlobalSection(SolutionConfigurationPlatforms) = preSolution
		Debug|Any CPU = Debug|Any CPU
		Release|Any CPU = Release|Any CPU
	EndGlobalSection
	GlobalSection(ProjectConfigurationPlatforms) = postSolution
		{359496E3-719D-4F95-BECD-4BB51C755609}.Debug|Any CPU.ActiveCfg = Debug|Any CPU
		{359496E3-719D-4F95-BECD-4BB51C755609}.Debug|Any CPU.Build.0 = Debug|Any CPU
		{359496E3-719D-4F95-BECD-4BB51C755609}.Release|Any CPU.ActiveCfg = Release|Any CPU
		{359496E3-719D-4F95-BECD-4BB51C755609}.Release|Any CPU.Build.0 = Release|Any CPU
		{1F94871A-34F4-42C6-973C-12EAF11BC211}.Debug|Any CPU.ActiveCfg = Debug|Any CPU
		{1F94871A-34F4-42C6-973C-12EAF11BC211}.Debug|Any CPU.Build.0 = Debug|Any CPU
		{1F94871A-34F4-42C6-973C-12EAF11BC211}.Release|Any CPU.ActiveCfg = Release|Any CPU
		{1F94871A-34F4-42C6-973C-12EAF11BC211}.Release|Any CPU.Build.0 = Release|Any CPU
	EndGlobalSection
	GlobalSection(SolutionProperties) = preSolution
		HideSolutionNode = FALSE
	EndGlobalSection
	GlobalSection(ExtensibilityGlobals) = postSolution
		SolutionGuid = {8693333B-3109-4592-9EF0-0B895307D745}
	EndGlobalSection
EndGlobal
