
Microsoft Visual Studio Solution File, Format Version 12.00
# Visual Studio 15
VisualStudioVersion = 15.0.28010.2046
MinimumVisualStudioVersion = 10.0.40219.1
Project("{9A19103F-16F7-4668-BE54-9A1E7A4F7556}") = "Ezreal.ShouQianBa.ApiClient", "Ezreal.ShouQianBa.ApiClient\Ezreal.ShouQianBa.ApiClient.csproj", "{359496E3-719D-4F95-BECD-4BB51C755609}"
EndProject
Project("{9A19103F-16F7-4668-BE54-9A1E7A4F7556}") = "Ezreal.ShouQianBa.ApiClient.Test", "Ezreal.ShouQianBa.ApiClient.Test\Ezreal.ShouQianBa.ApiClient.Test.csproj", "{1F94871A-34F4-42C6-973C-12EAF11BC211}"
EndProject
Project("{2150E333-8FDC-42A3-9474-1A3956D46DE8}") = "Demo", "Demo", "{16C843CD-E583-4FE1-9BBE-501C432FBC39}"
EndProject
Project("{9A19103F-16F7-4668-BE54-9A1E7A4F7556}") = "Simple", "Demo\Simple\Simple.csproj", "{6DB0D127-EFC1-4362-A6A1-CCF8C94E0FC4}"
EndProject
Project("{9A19103F-16F7-4668-BE54-9A1E7A4F7556}") = "Ezreal.ShouQianBa.ApiClient.DependencyInjection", "Ezreal.ShouQianBa.ApiClient.DependencyInjection\Ezreal.ShouQianBa.ApiClient.DependencyInjection.csproj", "{CE4B6506-6693-45A7-9FA9-667CC49BF07D}"
EndProject
Project("{9A19103F-16F7-4668-BE54-9A1E7A4F7556}") = "AspNetCoreDemo", "Demo\AspNetCoreDemo\AspNetCoreDemo.csproj", "{63185B9B-6EE0-4215-9BC8-F6875BC6969A}"
EndProject
Global
	GlobalSection(SolutionConfigurationPlatforms) = preSolution
		Debug|Any CPU = Debug|Any CPU
		Release|Any CPU = Release|Any CPU
	EndGlobalSection
	GlobalSection(ProjectConfigurationPlatforms) = postSolution
		{359496E3-719D-4F95-BECD-4BB51C755609}.Debug|Any CPU.ActiveCfg = Debug|Any CPU
		{359496E3-719D-4F95-BECD-4BB51C755609}.Debug|Any CPU.Build.0 = Debug|Any CPU
		{359496E3-719D-4F95-BECD-4BB51C755609}.Release|Any CPU.ActiveCfg = Release|Any CPU
		{359496E3-719D-4F95-BECD-4BB51C755609}.Release|Any CPU.Build.0 = Release|Any CPU
		{1F94871A-34F4-42C6-973C-12EAF11BC211}.Debug|Any CPU.ActiveCfg = Debug|Any CPU
		{1F94871A-34F4-42C6-973C-12EAF11BC211}.Debug|Any CPU.Build.0 = Debug|Any CPU
		{1F94871A-34F4-42C6-973C-12EAF11BC211}.Release|Any CPU.ActiveCfg = Release|Any CPU
		{1F94871A-34F4-42C6-973C-12EAF11BC211}.Release|Any CPU.Build.0 = Release|Any CPU
		{6DB0D127-EFC1-4362-A6A1-CCF8C94E0FC4}.Debug|Any CPU.ActiveCfg = Debug|Any CPU
		{6DB0D127-EFC1-4362-A6A1-CCF8C94E0FC4}.Debug|Any CPU.Build.0 = Debug|Any CPU
		{6DB0D127-EFC1-4362-A6A1-CCF8C94E0FC4}.Release|Any CPU.ActiveCfg = Release|Any CPU
		{6DB0D127-EFC1-4362-A6A1-CCF8C94E0FC4}.Release|Any CPU.Build.0 = Release|Any CPU
		{CE4B6506-6693-45A7-9FA9-667CC49BF07D}.Debug|Any CPU.ActiveCfg = Debug|Any CPU
		{CE4B6506-6693-45A7-9FA9-667CC49BF07D}.Debug|Any CPU.Build.0 = Debug|Any CPU
		{CE4B6506-6693-45A7-9FA9-667CC49BF07D}.Release|Any CPU.ActiveCfg = Release|Any CPU
		{CE4B6506-6693-45A7-9FA9-667CC49BF07D}.Release|Any CPU.Build.0 = Release|Any CPU
		{63185B9B-6EE0-4215-9BC8-F6875BC6969A}.Debug|Any CPU.ActiveCfg = Debug|Any CPU
		{63185B9B-6EE0-4215-9BC8-F6875BC6969A}.Debug|Any CPU.Build.0 = Debug|Any CPU
		{63185B9B-6EE0-4215-9BC8-F6875BC6969A}.Release|Any CPU.ActiveCfg = Release|Any CPU
		{63185B9B-6EE0-4215-9BC8-F6875BC6969A}.Release|Any CPU.Build.0 = Release|Any CPU
	EndGlobalSection
	GlobalSection(SolutionProperties) = preSolution
		HideSolutionNode = FALSE
	EndGlobalSection
	GlobalSection(NestedProjects) = preSolution
		{6DB0D127-EFC1-4362-A6A1-CCF8C94E0FC4} = {16C843CD-E583-4FE1-9BBE-501C432FBC39}
		{63185B9B-6EE0-4215-9BC8-F6875BC6969A} = {16C843CD-E583-4FE1-9BBE-501C432FBC39}
	EndGlobalSection
	GlobalSection(ExtensibilityGlobals) = postSolution
		SolutionGuid = {8693333B-3109-4592-9EF0-0B895307D745}
	EndGlobalSection
EndGlobal
